
Microsoft Visual Studio Solution File, Format Version 12.00
# Visual Studio Version 16
VisualStudioVersion = 16.0.29215.179
MinimumVisualStudioVersion = 10.0.40219.1
Project("{FAE04EC0-301F-11D3-BF4B-00C04F79EFBC}") = "WebApplication2_Brajesh", "WebApplication2_Brajesh.csproj", "{861BA92C-C955-4509-8B52-0A15C77AA263}"
EndProject
Global
	GlobalSection(SolutionConfigurationPlatforms) = preSolution
		Debug|Any CPU = Debug|Any CPU
		Release|Any CPU = Release|Any CPU
	EndGlobalSection
	GlobalSection(ProjectConfigurationPlatforms) = postSolution
		{861BA92C-C955-4509-8B52-0A15C77AA263}.Debug|Any CPU.ActiveCfg = Debug|Any CPU
		{861BA92C-C955-4509-8B52-0A15C77AA263}.Debug|Any CPU.Build.0 = Debug|Any CPU
		{861BA92C-C955-4509-8B52-0A15C77AA263}.Release|Any CPU.ActiveCfg = Release|Any CPU
		{861BA92C-C955-4509-8B52-0A15C77AA263}.Release|Any CPU.Build.0 = Release|Any CPU
	EndGlobalSection
	GlobalSection(SolutionProperties) = preSolution
		HideSolutionNode = FALSE
	EndGlobalSection
	GlobalSection(ExtensibilityGlobals) = postSolution
		SolutionGuid = {1FEE1848-9AC6-47B0-911E-62986BB1B681}
	EndGlobalSection
EndGlobal
